
Microsoft Visual Studio Solution File, Format Version 12.00
# Visual Studio 14
VisualStudioVersion = 14.0.25420.1
MinimumVisualStudioVersion = 10.0.40219.1
Project("{FAE04EC0-301F-11D3-BF4B-00C04F79EFBC}") = "BetaWatch", "BetaWatch\BetaWatch.csproj", "{2CAC8D9A-5771-438C-8721-377C441CBEA7}"
EndProject
Project("{54435603-DBB4-11D2-8724-00A0C9A8B90C}") = "BetaWatch Test", "BetaWatch Test\BetaWatch Test.vdproj", "{C89258DE-6B00-4DA0-8194-46BE48276B73}"
EndProject
Global
	GlobalSection(SolutionConfigurationPlatforms) = preSolution
		Debug|Any CPU = Debug|Any CPU
		Release|Any CPU = Release|Any CPU
	EndGlobalSection
	GlobalSection(ProjectConfigurationPlatforms) = postSolution
		{2CAC8D9A-5771-438C-8721-377C441CBEA7}.Debug|Any CPU.ActiveCfg = Debug|Any CPU
		{2CAC8D9A-5771-438C-8721-377C441CBEA7}.Debug|Any CPU.Build.0 = Debug|Any CPU
		{2CAC8D9A-5771-438C-8721-377C441CBEA7}.Release|Any CPU.ActiveCfg = Release|Any CPU
		{2CAC8D9A-5771-438C-8721-377C441CBEA7}.Release|Any CPU.Build.0 = Release|Any CPU
		{C89258DE-6B00-4DA0-8194-46BE48276B73}.Debug|Any CPU.ActiveCfg = Debug
		{C89258DE-6B00-4DA0-8194-46BE48276B73}.Release|Any CPU.ActiveCfg = Release
	EndGlobalSection
	GlobalSection(SolutionProperties) = preSolution
		HideSolutionNode = FALSE
	EndGlobalSection
EndGlobal
